
Microsoft Visual Studio Solution File, Format Version 12.00
# Visual Studio Version 17
VisualStudioVersion = 17.7.34031.279
MinimumVisualStudioVersion = 10.0.40219.1
Project("{FAE04EC0-301F-11D3-BF4B-00C04F79EFBC}") = "ArrayActividad6", "ArrayActividad6\ArrayActividad6.csproj", "{AEFCFBA2-7D0D-40DB-848D-E36F6E2A806A}"
EndProject
Global
	GlobalSection(SolutionConfigurationPlatforms) = preSolution
		Debug|Any CPU = Debug|Any CPU
		Release|Any CPU = Release|Any CPU
	EndGlobalSection
	GlobalSection(ProjectConfigurationPlatforms) = postSolution
		{AEFCFBA2-7D0D-40DB-848D-E36F6E2A806A}.Debug|Any CPU.ActiveCfg = Debug|Any CPU
		{AEFCFBA2-7D0D-40DB-848D-E36F6E2A806A}.Debug|Any CPU.Build.0 = Debug|Any CPU
		{AEFCFBA2-7D0D-40DB-848D-E36F6E2A806A}.Release|Any CPU.ActiveCfg = Release|Any CPU
		{AEFCFBA2-7D0D-40DB-848D-E36F6E2A806A}.Release|Any CPU.Build.0 = Release|Any CPU
	EndGlobalSection
	GlobalSection(SolutionProperties) = preSolution
		HideSolutionNode = FALSE
	EndGlobalSection
	GlobalSection(ExtensibilityGlobals) = postSolution
		SolutionGuid = {B7121344-0923-478E-80C5-0148AEE11955}
	EndGlobalSection
EndGlobal
